hash: 5b78f385e943f6aabe30c7b02957fa93e51006168eb6b8db08f88d4d8578bf45
updated: 2017-02-14T13:04:39.273035477Z
imports:
- name: github.com/julienschmidt/httprouter
  version: 8c199fb6259ffc1af525cc3ad52ee60ba8359669
- name: github.com/mattn/go-sqlite3
  version: ca5e3819723d8eeaf170ad510e7da1d6d2e94a08
testImports: []
